// !$*UTF8*$!
{
	archiveVersion = 1;
	classes = {
	};
	objectVersion = 46;
	objects = {

/* Begin PBXBuildFile section */
		DD84B8491CA3905E0061E873 /* wrong_back.png in Resources */ = {isa = PBXBuildFile; fileRef = DD84B8481CA3905E0061E873 /* wrong_back.png */; };
		DD9580BD1CA227ED0051E81E /* AppDelegate.swift in Sources */ = {isa = PBXBuildFile; fileRef = DD9580BC1CA227ED0051E81E /* AppDelegate.swift */; };
		DD9580BF1CA227ED0051E81E /* ViewController.swift in Sources */ = {isa = PBXBuildFile; fileRef = DD9580BE1CA227ED0051E81E /* ViewController.swift */; };
		DD9580C21CA227ED0051E81E /* Main.storyboard in Resources */ = {isa = PBXBuildFile; fileRef = DD9580C01CA227ED0051E81E /* Main.storyboard */; };
		DD9580C41CA227ED0051E81E /* Assets.xcassets in Resources */ = {isa = PBXBuildFile; fileRef = DD9580C31CA227ED0051E81E /* Assets.xcassets */; };
		DD9580C71CA227ED0051E81E /* LaunchScreen.storyboard in Resources */ = {isa = PBXBuildFile; fileRef = DD9580C51CA227ED0051E81E /* LaunchScreen.storyboard */; };
		DD9580D21CA227ED0051E81E /* SpringTests.swift in Sources */ = {isa = PBXBuildFile; fileRef = DD9580D11CA227ED0051E81E /* SpringTests.swift */; };
		DD9580DD1CA227ED0051E81E /* SpringUITests.swift in Sources */ = {isa = PBXBuildFile; fileRef = DD9580DC1CA227ED0051E81E /* SpringUITests.swift */; };
		DD9580EE1CA22C540051E81E /* countDown1.png in Resources */ = {isa = PBXBuildFile; fileRef = DD9580EA1CA22C540051E81E /* countDown1.png */; };
		DD9580EF1CA22C540051E81E /* countDown2.png in Resources */ = {isa = PBXBuildFile; fileRef = DD9580EB1CA22C540051E81E /* countDown2.png */; };
		DD9580F01CA22C540051E81E /* countDown3.png in Resources */ = {isa = PBXBuildFile; fileRef = DD9580EC1CA22C540051E81E /* countDown3.png */; };
		DD9580F31CA23E090051E81E /* ResultViewController.swift in Sources */ = {isa = PBXBuildFile; fileRef = DD9580F21CA23E090051E81E /* ResultViewController.swift */; };
		DD9580F51CA24B7C0051E81E /* StartViewController.swift in Sources */ = {isa = PBXBuildFile; fileRef = DD9580F41CA24B7C0051E81E /* StartViewController.swift */; };
		DD9580FA1CA26EFB0051E81E /* backButton.png in Resources */ = {isa = PBXBuildFile; fileRef = DD9580F91CA26EFB0051E81E /* backButton.png */; };
		DD9580FC1CA270B00051E81E /* OCRAStd.otf in Resources */ = {isa = PBXBuildFile; fileRef = DD9580FB1CA270B00051E81E /* OCRAStd.otf */; };
		DD9580FF1CA27F060051E81E /* startBtn.png in Resources */ = {isa = PBXBuildFile; fileRef = DD9580FD1CA27F060051E81E /* startBtn.png */; };
		DD9581001CA27F060051E81E /* startImg.png in Resources */ = {isa = PBXBuildFile; fileRef = DD9580FE1CA27F060051E81E /* startImg.png */; };
		DD9581041CA2E51C0051E81E /* gameImg.png in Resources */ = {isa = PBXBuildFile; fileRef = DD9581031CA2E51C0051E81E /* gameImg.png */; };
		DDE4197F1CA3752C000C150B /* resultImg.png in Resources */ = {isa = PBXBuildFile; fileRef = DDE4197E1CA3752C000C150B /* resultImg.png */; };
/* End PBXBuildFile section */

/* Begin PBXContainerItemProxy section */
		DD9580CE1CA227ED0051E81E /* PBXContainerItemProxy */ = {
			isa = PBXContainerItemProxy;
			containerPortal = DD9580B11CA227ED0051E81E /* Project object */;
			proxyType = 1;
			remoteGlobalIDString = DD9580B81CA227ED0051E81E;
			remoteInfo = Spring;
		};
		DD9580D91CA227ED0051E81E /* PBXContainerItemProxy */ = {
			isa = PBXContainerItemProxy;
			containerPortal = DD9580B11CA227ED0051E81E /* Project object */;
			proxyType = 1;
			remoteGlobalIDString = DD9580B81CA227ED0051E81E;
			remoteInfo = Spring;
		};
/* End PBXContainerItemProxy section */

/* Begin PBXFileReference section */
		DD84B8481CA3905E0061E873 /* wrong_back.png */ = {isa = PBXFileReference; lastKnownFileType = image.png; path = wrong_back.png; sourceTree = "<group>"; };
		DD9580B91CA227ED0051E81E /* Spring.app */ = {isa = PBXFileReference; explicitFileType = wrapper.application; includeInIndex = 0; path = Spring.app; sourceTree = BUILT_PRODUCTS_DIR; };
		DD9580BC1CA227ED0051E81E /* AppDelegate.swift */ = {isa = PBXFileReference; lastKnownFileType = sourcecode.swift; path = AppDelegate.swift; sourceTree = "<group>"; };
		DD9580BE1CA227ED0051E81E /* ViewController.swift */ = {isa = PBXFileReference; lastKnownFileType = sourcecode.swift; path = ViewController.swift; sourceTree = "<group>"; };
		DD9580C11CA227ED0051E81E /* Base */ = {isa = PBXFileReference; lastKnownFileType = file.storyboard; name = Base; path = Base.lproj/Main.storyboard; sourceTree = "<group>"; };
		DD9580C31CA227ED0051E81E /* Assets.xcassets */ = {isa = PBXFileReference; lastKnownFileType = folder.assetcatalog; path = Assets.xcassets; sourceTree = "<group>"; };
		DD9580C61CA227ED0051E81E /* Base */ = {isa = PBXFileReference; lastKnownFileType = file.storyboard; name = Base; path = Base.lproj/LaunchScreen.storyboard; sourceTree = "<group>"; };
		DD9580C81CA227ED0051E81E /* Info.plist */ = {isa = PBXFileReference; lastKnownFileType = text.plist.xml; path = Info.plist; sourceTree = "<group>"; };
		DD9580CD1CA227ED0051E81E /* SpringTests.xctest */ = {isa = PBXFileReference; explicitFileType = wrapper.cfbundle; includeInIndex = 0; path = SpringTests.xctest; sourceTree = BUILT_PRODUCTS_DIR; };
		DD9580D11CA227ED0051E81E /* SpringTests.swift */ = {isa = PBXFileReference; lastKnownFileType = sourcecode.swift; path = SpringTests.swift; sourceTree = "<group>"; };
		DD9580D31CA227ED0051E81E /* Info.plist */ = {isa = PBXFileReference; lastKnownFileType = text.plist.xml; path = Info.plist; sourceTree = "<group>"; };
		DD9580D81CA227ED0051E81E /* SpringUITests.xctest */ = {isa = PBXFileReference; explicitFileType = wrapper.cfbundle; includeInIndex = 0; path = SpringUITests.xctest; sourceTree = BUILT_PRODUCTS_DIR; };
		DD9580DC1CA227ED0051E81E /* SpringUITests.swift */ = {isa = PBXFileReference; lastKnownFileType = sourcecode.swift; path = SpringUITests.swift; sourceTree = "<group>"; };
		DD9580DE1CA227ED0051E81E /* Info.plist */ = {isa = PBXFileReference; lastKnownFileType = text.plist.xml; path = Info.plist; sourceTree = "<group>"; };
		DD9580EA1CA22C540051E81E /* countDown1.png */ = {isa = PBXFileReference; lastKnownFileType = image.png; path = countDown1.png; sourceTree = "<group>"; };
		DD9580EB1CA22C540051E81E /* countDown2.png */ = {isa = PBXFileReference; lastKnownFileType = image.png; path = countDown2.png; sourceTree = "<group>"; };
		DD9580EC1CA22C540051E81E /* countDown3.png */ = {isa = PBXFileReference; lastKnownFileType = image.png; path = countDown3.png; sourceTree = "<group>"; };
		DD9580F21CA23E090051E81E /* ResultViewController.swift */ = {isa = PBXFileReference; fileEncoding = 4; lastKnownFileType = sourcecode.swift; path = ResultViewController.swift; sourceTree = "<group>"; };
		DD9580F41CA24B7C0051E81E /* StartViewController.swift */ = {isa = PBXFileReference; fileEncoding = 4; lastKnownFileType = sourcecode.swift; path = StartViewController.swift; sourceTree = "<group>"; };
		DD9580F91CA26EFB0051E81E /* backButton.png */ = {isa = PBXFileReference; lastKnownFileType = image.png; path = backButton.png; sourceTree = "<group>"; };
		DD9580FB1CA270B00051E81E /* OCRAStd.otf */ = {isa = PBXFileReference; lastKnownFileType = file; path = OCRAStd.otf; sourceTree = "<group>"; };
		DD9580FD1CA27F060051E81E /* startBtn.png */ = {isa = PBXFileReference; lastKnownFileType = image.png; path = startBtn.png; sourceTree = "<group>"; };
		DD9580FE1CA27F060051E81E /* startImg.png */ = {isa = PBXFileReference; lastKnownFileType = image.png; path = startImg.png; sourceTree = "<group>"; };
		DD9581031CA2E51C0051E81E /* gameImg.png */ = {isa = PBXFileReference; lastKnownFileType = image.png; path = gameImg.png; sourceTree = "<group>"; };
		DDE4197E1CA3752C000C150B /* resultImg.png */ = {isa = PBXFileReference; lastKnownFileType = image.png; path = resultImg.png; sourceTree = "<group>"; };
/* End PBXFileReference section */

/* Begin PBXFrameworksBuildPhase section */
		DD9580B61CA227ED0051E81E /* Frameworks */ = {
			isa = PBXFrameworksBuildPhase;
			buildActionMask = 2147483647;
			files = (
			);
			runOnlyForDeploymentPostprocessing = 0;
		};
		DD9580CA1CA227ED0051E81E /* Frameworks */ = {
			isa = PBXFrameworksBuildPhase;
			buildActionMask = 2147483647;
			files = (
			);
			runOnlyForDeploymentPostprocessing = 0;
		};
		DD9580D51CA227ED0051E81E /* Frameworks */ = {
			isa = PBXFrameworksBuildPhase;
			buildActionMask = 2147483647;
			files = (
			);
			runOnlyForDeploymentPostprocessing = 0;
		};
/* End PBXFrameworksBuildPhase section */

/* Begin PBXGroup section */
		DD9580B01CA227ED0051E81E = {
			isa = PBXGroup;
			children = (
				DD9580BB1CA227ED0051E81E /* Spring */,
				DD9580D01CA227ED0051E81E /* SpringTests */,
				DD9580DB1CA227ED0051E81E /* SpringUITests */,
				DD9580BA1CA227ED0051E81E /* Products */,
			);
			sourceTree = "<group>";
		};
		DD9580BA1CA227ED0051E81E /* Products */ = {
			isa = PBXGroup;
			children = (
				DD9580B91CA227ED0051E81E /* Spring.app */,
				DD9580CD1CA227ED0051E81E /* SpringTests.xctest */,
				DD9580D81CA227ED0051E81E /* SpringUITests.xctest */,
			);
			name = Products;
			sourceTree = "<group>";
		};
		DD9580BB1CA227ED0051E81E /* Spring */ = {
			isa = PBXGroup;
			children = (
				DD9580FB1CA270B00051E81E /* OCRAStd.otf */,
				DD9580BC1CA227ED0051E81E /* AppDelegate.swift */,
				DD9580F41CA24B7C0051E81E /* StartViewController.swift */,
				DD9580BE1CA227ED0051E81E /* ViewController.swift */,
				DD9580F21CA23E090051E81E /* ResultViewController.swift */,
				DD9580C01CA227ED0051E81E /* Main.storyboard */,
				DD9580C31CA227ED0051E81E /* Assets.xcassets */,
				DD9580C51CA227ED0051E81E /* LaunchScreen.storyboard */,
				DD9580C81CA227ED0051E81E /* Info.plist */,
				DD9580F61CA24FC70051E81E /* Image */,
			);
			path = Spring;
			sourceTree = "<group>";
		};
		DD9580D01CA227ED0051E81E /* SpringTests */ = {
			isa = PBXGroup;
			children = (
				DD9580D11CA227ED0051E81E /* SpringTests.swift */,
				DD9580D31CA227ED0051E81E /* Info.plist */,
			);
			path = SpringTests;
			sourceTree = "<group>";
		};
		DD9580DB1CA227ED0051E81E /* SpringUITests */ = {
			isa = PBXGroup;
			children = (
				DD9580DC1CA227ED0051E81E /* SpringUITests.swift */,
				DD9580DE1CA227ED0051E81E /* Info.plist */,
			);
			path = SpringUITests;
			sourceTree = "<group>";
		};
		DD9580F61CA24FC70051E81E /* Image */ = {
			isa = PBXGroup;
			children = (
				DD9580EA1CA22C540051E81E /* countDown1.png */,
				DD9580EB1CA22C540051E81E /* countDown2.png */,
				DD9580EC1CA22C540051E81E /* countDown3.png */,
				DD9581031CA2E51C0051E81E /* gameImg.png */,
				DDE4197E1CA3752C000C150B /* resultImg.png */,
				DD9580F91CA26EFB0051E81E /* backButton.png */,
				DD9580FD1CA27F060051E81E /* startBtn.png */,
				DD9580FE1CA27F060051E81E /* startImg.png */,
				DD84B8481CA3905E0061E873 /* wrong_back.png */,
			);
			name = Image;
			sourceTree = "<group>";
		};
/* End PBXGroup section */

/* Begin PBXNativeTarget section */
		DD9580B81CA227ED0051E81E /* Spring */ = {
			isa = PBXNativeTarget;
			buildConfigurationList = DD9580E11CA227ED0051E81E /* Build configuration list for PBXNativeTarget "Spring" */;
			buildPhases = (
				DD9580B51CA227ED0051E81E /* Sources */,
				DD9580B61CA227ED0051E81E /* Frameworks */,
				DD9580B71CA227ED0051E81E /* Resources */,
			);
			buildRules = (
			);
			dependencies = (
			);
			name = Spring;
			productName = Spring;
			productReference = DD9580B91CA227ED0051E81E /* Spring.app */;
			productType = "com.apple.product-type.application";
		};
		DD9580CC1CA227ED0051E81E /* SpringTests */ = {
			isa = PBXNativeTarget;
			buildConfigurationList = DD9580E41CA227ED0051E81E /* Build configuration list for PBXNativeTarget "SpringTests" */;
			buildPhases = (
				DD9580C91CA227ED0051E81E /* Sources */,
				DD9580CA1CA227ED0051E81E /* Frameworks */,
				DD9580CB1CA227ED0051E81E /* Resources */,
			);
			buildRules = (
			);
			dependencies = (
				DD9580CF1CA227ED0051E81E /* PBXTargetDependency */,
			);
			name = SpringTests;
			productName = SpringTests;
			productReference = DD9580CD1CA227ED0051E81E /* SpringTests.xctest */;
			productType = "com.apple.product-type.bundle.unit-test";
		};
		DD9580D71CA227ED0051E81E /* SpringUITests */ = {
			isa = PBXNativeTarget;
			buildConfigurationList = DD9580E71CA227ED0051E81E /* Build configuration list for PBXNativeTarget "SpringUITests" */;
			buildPhases = (
				DD9580D41CA227ED0051E81E /* Sources */,
				DD9580D51CA227ED0051E81E /* Frameworks */,
				DD9580D61CA227ED0051E81E /* Resources */,
			);
			buildRules = (
			);
			dependencies = (
				DD9580DA1CA227ED0051E81E /* PBXTargetDependency */,
			);
			name = SpringUITests;
			productName = SpringUITests;
			productReference = DD9580D81CA227ED0051E81E /* SpringUITests.xctest */;
			productType = "com.apple.product-type.bundle.ui-testing";
		};
/* End PBXNativeTarget section */

/* Begin PBXProject section */
		DD9580B11CA227ED0051E81E /* Project object */ = {
			isa = PBXProject;
			attributes = {
				LastSwiftUpdateCheck = 0720;
				LastUpgradeCheck = 0720;
				ORGANIZATIONNAME = "嶋本夏海";
				TargetAttributes = {
					DD9580B81CA227ED0051E81E = {
						CreatedOnToolsVersion = 7.2.1;
					};
					DD9580CC1CA227ED0051E81E = {
						CreatedOnToolsVersion = 7.2.1;
						TestTargetID = DD9580B81CA227ED0051E81E;
					};
					DD9580D71CA227ED0051E81E = {
						CreatedOnToolsVersion = 7.2.1;
						TestTargetID = DD9580B81CA227ED0051E81E;
					};
				};
			};
			buildConfigurationList = DD9580B41CA227ED0051E81E /* Build configuration list for PBXProject "Spring" */;
			compatibilityVersion = "Xcode 3.2";
			developmentRegion = English;
			hasScannedForEncodings = 0;
			knownRegions = (
				en,
				Base,
			);
			mainGroup = DD9580B01CA227ED0051E81E;
			productRefGroup = DD9580BA1CA227ED0051E81E /* Products */;
			projectDirPath = "";
			projectRoot = "";
			targets = (
				DD9580B81CA227ED0051E81E /* Spring */,
				DD9580CC1CA227ED0051E81E /* SpringTests */,
				DD9580D71CA227ED0051E81E /* SpringUITests */,
			);
		};
/* End PBXProject section */

/* Begin PBXResourcesBuildPhase section */
		DD9580B71CA227ED0051E81E /* Resources */ = {
			isa = PBXResourcesBuildPhase;
			buildActionMask = 2147483647;
			files = (
				DD9580C71CA227ED0051E81E /* LaunchScreen.storyboard in Resources */,
				DD9580F01CA22C540051E81E /* countDown3.png in Resources */,
				DD9580C41CA227ED0051E81E /* Assets.xcassets in Resources */,
				DD9580C21CA227ED0051E81E /* Main.storyboard in Resources */,
				DDE4197F1CA3752C000C150B /* resultImg.png in Resources */,
				DD9580FA1CA26EFB0051E81E /* backButton.png in Resources */,
				DD9581041CA2E51C0051E81E /* gameImg.png in Resources */,
				DD9581001CA27F060051E81E /* startImg.png in Resources */,
				DD9580EE1CA22C540051E81E /* countDown1.png in Resources */,
				DD9580FF1CA27F060051E81E /* startBtn.png in Resources */,
				DD9580EF1CA22C540051E81E /* countDown2.png in Resources */,
				DD9580FC1CA270B00051E81E /* OCRAStd.otf in Resources */,
				DD84B8491CA3905E0061E873 /* wrong_back.png in Resources */,
			);
			runOnlyForDeploymentPostprocessing = 0;
		};
		DD9580CB1CA227ED0051E81E /* Resources */ = {
			isa = PBXResourcesBuildPhase;
			buildActionMask = 2147483647;
			files = (
			);
			runOnlyForDeploymentPostprocessing = 0;
		};
		DD9580D61CA227ED0051E81E /* Resources */ = {
			isa = PBXResourcesBuildPhase;
			buildActionMask = 2147483647;
			files = (
			);
			runOnlyForDeploymentPostprocessing = 0;
		};
/* End PBXResourcesBuildPhase section */

/* Begin PBXSourcesBuildPhase section */
		DD9580B51CA227ED0051E81E /* Sources */ = {
			isa = PBXSourcesBuildPhase;
			buildActionMask = 2147483647;
			files = (
				DD9580BF1CA227ED0051E81E /* ViewController.swift in Sources */,
				DD9580F51CA24B7C0051E81E /* StartViewController.swift in Sources */,
				DD9580BD1CA227ED0051E81E /* AppDelegate.swift in Sources */,
				DD9580F31CA23E090051E81E /* ResultViewController.swift in Sources */,
			);
			runOnlyForDeploymentPostprocessing = 0;
		};
		DD9580C91CA227ED0051E81E /* Sources */ = {
			isa = PBXSourcesBuildPhase;
			buildActionMask = 2147483647;
			files = (
				DD9580D21CA227ED0051E81E /* SpringTests.swift in Sources */,
			);
			runOnlyForDeploymentPostprocessing = 0;
		};
		DD9580D41CA227ED0051E81E /* Sources */ = {
			isa = PBXSourcesBuildPhase;
			buildActionMask = 2147483647;
			files = (
				DD9580DD1CA227ED0051E81E /* SpringUITests.swift in Sources */,
			);
			runOnlyForDeploymentPostprocessing = 0;
		};
/* End PBXSourcesBuildPhase section */

/* Begin PBXTargetDependency section */
		DD9580CF1CA227ED0051E81E /* PBXTargetDependency */ = {
			isa = PBXTargetDependency;
			target = DD9580B81CA227ED0051E81E /* Spring */;
			targetProxy = DD9580CE1CA227ED0051E81E /* PBXContainerItemProxy */;
		};
		DD9580DA1CA227ED0051E81E /* PBXTargetDependency */ = {
			isa = PBXTargetDependency;
			target = DD9580B81CA227ED0051E81E /* Spring */;
			targetProxy = DD9580D91CA227ED0051E81E /* PBXContainerItemProxy */;
		};
/* End PBXTargetDependency section */

/* Begin PBXVariantGroup section */
		DD9580C01CA227ED0051E81E /* Main.storyboard */ = {
			isa = PBXVariantGroup;
			children = (
				DD9580C11CA227ED0051E81E /* Base */,
			);
			name = Main.storyboard;
			sourceTree = "<group>";
		};
		DD9580C51CA227ED0051E81E /* LaunchScreen.storyboard */ = {
			isa = PBXVariantGroup;
			children = (
				DD9580C61CA227ED0051E81E /* Base */,
			);
			name = LaunchScreen.storyboard;
			sourceTree = "<group>";
		};
/* End PBXVariantGroup section */

/* Begin XCBuildConfiguration section */
		DD9580DF1CA227ED0051E81E /* Debug */ = {
			isa = XCBuildConfiguration;
			buildSettings = {
				ALWAYS_SEARCH_USER_PATHS = NO;
				CLANG_CXX_LANGUAGE_STANDARD = "gnu++0x";
				CLANG_CXX_LIBRARY = "libc++";
				CLANG_ENABLE_MODULES = YES;
				CLANG_ENABLE_OBJC_ARC = YES;
				CLANG_WARN_BOOL_CONVERSION = YES;
				CLANG_WARN_CONSTANT_CONVERSION = YES;
				CLANG_WARN_DIRECT_OBJC_ISA_USAGE = YES_ERROR;
				CLANG_WARN_EMPTY_BODY = YES;
				CLANG_WARN_ENUM_CONVERSION = YES;
				CLANG_WARN_INT_CONVERSION = YES;
				CLANG_WARN_OBJC_ROOT_CLASS = YES_ERROR;
				CLANG_WARN_UNREACHABLE_CODE = YES;
				CLANG_WARN__DUPLICATE_METHOD_MATCH = YES;
				"CODE_SIGN_IDENTITY[sdk=iphoneos*]" = "iPhone Developer";
				COPY_PHASE_STRIP = NO;
				DEBUG_INFORMATION_FORMAT = dwarf;
				ENABLE_STRICT_OBJC_MSGSEND = YES;
				ENABLE_TESTABILITY = YES;
				GCC_C_LANGUAGE_STANDARD = gnu99;
				GCC_DYNAMIC_NO_PIC = NO;
				GCC_NO_COMMON_BLOCKS = YES;
				GCC_OPTIMIZATION_LEVEL = 0;
				GCC_PREPROCESSOR_DEFINITIONS = (
					"DEBUG=1",
					"$(inherited)",
				);
				GCC_WARN_64_TO_32_BIT_CONVERSION = YES;
				GCC_WARN_ABOUT_RETURN_TYPE = YES_ERROR;
				GCC_WARN_UNDECLARED_SELECTOR = YES;
				GCC_WARN_UNINITIALIZED_AUTOS = YES_AGGRESSIVE;
				GCC_WARN_UNUSED_FUNCTION = YES;
				GCC_WARN_UNUSED_VARIABLE = YES;
				IPHONEOS_DEPLOYMENT_TARGET = 9.2;
				MTL_ENABLE_DEBUG_INFO = YES;
				ONLY_ACTIVE_ARCH = YES;
				SDKROOT = iphoneos;
				SWIFT_OPTIMIZATION_LEVEL = "-Onone";
			};
			name = Debug;
		};
		DD9580E01CA227ED0051E81E /* Release */ = {
			isa = XCBuildConfiguration;
			buildSettings = {
				ALWAYS_SEARCH_USER_PATHS = NO;
				CLANG_CXX_LANGUAGE_STANDARD = "gnu++0x";
				CLANG_CXX_LIBRARY = "libc++";
				CLANG_ENABLE_MODULES = YES;
				CLANG_ENABLE_OBJC_ARC = YES;
				CLANG_WARN_BOOL_CONVERSION = YES;
				CLANG_WARN_CONSTANT_CONVERSION = YES;
				CLANG_WARN_DIRECT_OBJC_ISA_USAGE = YES_ERROR;
				CLANG_WARN_EMPTY_BODY = YES;
				CLANG_WARN_ENUM_CONVERSION = YES;
				CLANG_WARN_INT_CONVERSION = YES;
				CLANG_WARN_OBJC_ROOT_CLASS = YES_ERROR;
				CLANG_WARN_UNREACHABLE_CODE = YES;
				CLANG_WARN__DUPLICATE_METHOD_MATCH = YES;
				"CODE_SIGN_IDENTITY[sdk=iphoneos*]" = "iPhone Developer";
				COPY_PHASE_STRIP = NO;
				DEBUG_INFORMATION_FORMAT = "dwarf-with-dsym";
				ENABLE_NS_ASSERTIONS = NO;
				ENABLE_STRICT_OBJC_MSGSEND = YES;
				GCC_C_LANGUAGE_STANDARD = gnu99;
				GCC_NO_COMMON_BLOCKS = YES;
				GCC_WARN_64_TO_32_BIT_CONVERSION = YES;
				GCC_WARN_ABOUT_RETURN_TYPE = YES_ERROR;
				GCC_WARN_UNDECLARED_SELECTOR = YES;
				GCC_WARN_UNINITIALIZED_AUTOS = YES_AGGRESSIVE;
				GCC_WARN_UNUSED_FUNCTION = YES;
				GCC_WARN_UNUSED_VARIABLE = YES;
				IPHONEOS_DEPLOYMENT_TARGET = 9.2;
				MTL_ENABLE_DEBUG_INFO = NO;
				SDKROOT = iphoneos;
				VALIDATE_PRODUCT = YES;
			};
			name = Release;
		};
		DD9580E21CA227ED0051E81E /* Debug */ = {
			isa = XCBuildConfiguration;
			buildSettings = {
				ASSETCATALOG_COMPILER_APPICON_NAME = AppIcon;
				INFOPLIST_FILE = Spring/Info.plist;
				LD_RUNPATH_SEARCH_PATHS = "$(inherited) @executable_path/Frameworks";
				PRODUCT_BUNDLE_IDENTIFIER = com.wanda.springCamp;
				PRODUCT_NAME = "$(TARGET_NAME)";
			};
			name = Debug;
		};
		DD9580E31CA227ED0051E81E /* Release */ = {
			isa = XCBuildConfiguration;
			buildSettings = {
				ASSETCATALOG_COMPILER_APPICON_NAME = AppIcon;
				INFOPLIST_FILE = Spring/Info.plist;
				LD_RUNPATH_SEARCH_PATHS = "$(inherited) @executable_path/Frameworks";
				PRODUCT_BUNDLE_IDENTIFIER = com.wanda.springCamp;
				PRODUCT_NAME = "$(TARGET_NAME)";
			};
			name = Release;
		};
		DD9580E51CA227ED0051E81E /* Debug */ = {
			isa = XCBuildConfiguration;
			buildSettings = {
				BUNDLE_LOADER = "$(TEST_HOST)";
				INFOPLIST_FILE = SpringTests/Info.plist;
				LD_RUNPATH_SEARCH_PATHS = "$(inherited) @executable_path/Frameworks @loader_path/Frameworks";
				PRODUCT_BUNDLE_IDENTIFIER = a.SpringTests;
				PRODUCT_NAME = "$(TARGET_NAME)";
				TEST_HOST = "$(BUILT_PRODUCTS_DIR)/Spring.app/Spring";
			};
			name = Debug;
		};
		DD9580E61CA227ED0051E81E /* Release */ = {
			isa = XCBuildConfiguration;
			buildSettings = {
				BUNDLE_LOADER = "$(TEST_HOST)";
				INFOPLIST_FILE = SpringTests/Info.plist;
				LD_RUNPATH_SEARCH_PATHS = "$(inherited) @executable_path/Frameworks @loader_path/Frameworks";
				PRODUCT_BUNDLE_IDENTIFIER = a.SpringTests;
				PRODUCT_NAME = "$(TARGET_NAME)";
				TEST_HOST = "$(BUILT_PRODUCTS_DIR)/Spring.app/Spring";
			};
			name = Release;
		};
		DD9580E81CA227ED0051E81E /* Debug */ = {
			isa = XCBuildConfiguration;
			buildSettings = {
				INFOPLIST_FILE = SpringUITests/Info.plist;
				LD_RUNPATH_SEARCH_PATHS = "$(inherited) @executable_path/Frameworks @loader_path/Frameworks";
				PRODUCT_BUNDLE_IDENTIFIER = a.SpringUITests;
				PRODUCT_NAME = "$(TARGET_NAME)";
				TEST_TARGET_NAME = Spring;
				USES_XCTRUNNER = YES;
			};
			name = Debug;
		};
		DD9580E91CA227ED0051E81E /* Release */ = {
			isa = XCBuildConfiguration;
			buildSettings = {
				INFOPLIST_FILE = SpringUITests/Info.plist;
				LD_RUNPATH_SEARCH_PATHS = "$(inherited) @executable_path/Frameworks @loader_path/Frameworks";
				PRODUCT_BUNDLE_IDENTIFIER = a.SpringUITests;
				PRODUCT_NAME = "$(TARGET_NAME)";
				TEST_TARGET_NAME = Spring;
				USES_XCTRUNNER = YES;
			};
			name = Release;
		};
/* End XCBuildConfiguration section */

/* Begin XCConfigurationList section */
		DD9580B41CA227ED0051E81E /* Build configuration list for PBXProject "Spring" */ = {
			isa = XCConfigurationList;
			buildConfigurations = (
				DD9580DF1CA227ED0051E81E /* Debug */,
				DD9580E01CA227ED0051E81E /* Release */,
			);
			defaultConfigurationIsVisible = 0;
			defaultConfigurationName = Release;
		};
		DD9580E11CA227ED0051E81E /* Build configuration list for PBXNativeTarget "Spring" */ = {
			isa = XCConfigurationList;
			buildConfigurations = (
				DD9580E21CA227ED0051E81E /* Debug */,
				DD9580E31CA227ED0051E81E /* Release */,
			);
			defaultConfigurationIsVisible = 0;
			defaultConfigurationName = Release;
		};
		DD9580E41CA227ED0051E81E /* Build configuration list for PBXNativeTarget "SpringTests" */ = {
			isa = XCConfigurationList;
			buildConfigurations = (
				DD9580E51CA227ED0051E81E /* Debug */,
				DD9580E61CA227ED0051E81E /* Release */,
			);
			defaultConfigurationIsVisible = 0;
			defaultConfigurationName = Release;
		};
		DD9580E71CA227ED0051E81E /* Build configuration list for PBXNativeTarget "SpringUITests" */ = {
			isa = XCConfigurationList;
			buildConfigurations = (
				DD9580E81CA227ED0051E81E /* Debug */,
				DD9580E91CA227ED0051E81E /* Release */,
			);
			defaultConfigurationIsVisible = 0;
			defaultConfigurationName = Release;
		};
/* End XCConfigurationList section */
	};
	rootObject = DD9580B11CA227ED0051E81E /* Project object */;
}
